<?xml version="1.0" encoding="UTF-8" standalone="yes" ?>
<CodeBlocks_project_file>
	<FileVersion major="1" minor="6" />
	<Project>
		<Option title="moojelly" />
		<Option pch_mode="2" />
		<Option compiler="gcc" />
		<Build>
			<Target title="Debug">
				<Option output="bin/Debug/moojelly" prefix_auto="1" extension_auto="1" />
				<Option object_output="obj/Debug/" />
				<Option type="1" />
				<Option compiler="gcc" />
				<Compiler>
					<Add option="`wx-config --cxxflags`" />
					<Add option="-g" />
				</Compiler>
				<Linker>
					<Add option="`wx-config --libs`" />
				</Linker>
			</Target>
			<Target title="Release">
				<Option output="bin/Release/moojelly" prefix_auto="1" extension_auto="1" />
				<Option object_output="obj/Release/" />
				<Option type="1" />
				<Option compiler="gcc" />
				<Compiler>
					<Add option="-O2" />
				</Compiler>
				<Linker>
					<Add option="-s" />
				</Linker>
			</Target>
		</Build>
		<Compiler>
			<Add option="-Wall" />
		</Compiler>
		<Unit filename="common.h" />
		<Unit filename="courses.h" />
		<Unit filename="emu.cpp" />
		<Unit filename="emu.h" />
		<Unit filename="gui.cpp" />
		<Unit filename="gui.h" />
		<Unit filename="image.cpp" />
		<Unit filename="image.h" />
		<Unit filename="main.cpp" />
		<Unit filename="main.h" />
		<Unit filename="sml.cpp" />
		<Unit filename="sml.h" />
		<Unit filename="sml2.cpp" />
		<Unit filename="sml2.h" />
		<Unit filename="sml3.cpp" />
		<Unit filename="sml3.h" />
		<Unit filename="sprite_lookup.h" />
		<Extensions />
	</Project>
</CodeBlocks_project_file>
